
Microsoft Visual Studio Solution File, Format Version 12.00
# Visual Studio Version 17
VisualStudioVersion = 17.5.33424.131
MinimumVisualStudioVersion = 10.0.40219.1
Project("{FAE04EC0-301F-11D3-BF4B-00C04F79EFBC}") = "ScheduleApp.Android", "ScheduleApp\ScheduleApp.Android\ScheduleApp.Android.csproj", "{99FF5D6D-13E2-4207-A3AF-F9710AC8799C}"
EndProject
Project("{FAE04EC0-301F-11D3-BF4B-00C04F79EFBC}") = "ScheduleApp.iOS", "ScheduleApp\ScheduleApp.iOS\ScheduleApp.iOS.csproj", "{BB07D1FF-9446-47B5-A2AD-D4B8CA2910A8}"
EndProject
Project("{FAE04EC0-301F-11D3-BF4B-00C04F79EFBC}") = "ScheduleApp", "ScheduleApp\ScheduleApp\ScheduleApp.csproj", "{7457FBD3-0197-4196-97CB-5347F4CD3E5E}"
EndProject
Global
	GlobalSection(SolutionConfigurationPlatforms) = preSolution
		Debug|Any CPU = Debug|Any CPU
		Debug|iPhone = Debug|iPhone
		Debug|iPhoneSimulator = Debug|iPhoneSimulator
		Release|Any CPU = Release|Any CPU
		Release|iPhone = Release|iPhone
		Release|iPhoneSimulator = Release|iPhoneSimulator
	EndGlobalSection
	GlobalSection(ProjectConfigurationPlatforms) = postSolution
		{99FF5D6D-13E2-4207-A3AF-F9710AC8799C}.Debug|Any CPU.ActiveCfg = Debug|Any CPU
		{99FF5D6D-13E2-4207-A3AF-F9710AC8799C}.Debug|Any CPU.Build.0 = Debug|Any CPU
		{99FF5D6D-13E2-4207-A3AF-F9710AC8799C}.Debug|Any CPU.Deploy.0 = Debug|Any CPU
		{99FF5D6D-13E2-4207-A3AF-F9710AC8799C}.Debug|iPhone.ActiveCfg = Debug|Any CPU
		{99FF5D6D-13E2-4207-A3AF-F9710AC8799C}.Debug|iPhone.Build.0 = Debug|Any CPU
		{99FF5D6D-13E2-4207-A3AF-F9710AC8799C}.Debug|iPhone.Deploy.0 = Debug|Any CPU
		{99FF5D6D-13E2-4207-A3AF-F9710AC8799C}.Debug|iPhoneSimulator.ActiveCfg = Debug|Any CPU
		{99FF5D6D-13E2-4207-A3AF-F9710AC8799C}.Debug|iPhoneSimulator.Build.0 = Debug|Any CPU
		{99FF5D6D-13E2-4207-A3AF-F9710AC8799C}.Debug|iPhoneSimulator.Deploy.0 = Debug|Any CPU
		{99FF5D6D-13E2-4207-A3AF-F9710AC8799C}.Release|Any CPU.ActiveCfg = Release|Any CPU
		{99FF5D6D-13E2-4207-A3AF-F9710AC8799C}.Release|Any CPU.Build.0 = Release|Any CPU
		{99FF5D6D-13E2-4207-A3AF-F9710AC8799C}.Release|Any CPU.Deploy.0 = Release|Any CPU
		{99FF5D6D-13E2-4207-A3AF-F9710AC8799C}.Release|iPhone.ActiveCfg = Release|Any CPU
		{99FF5D6D-13E2-4207-A3AF-F9710AC8799C}.Release|iPhone.Build.0 = Release|Any CPU
		{99FF5D6D-13E2-4207-A3AF-F9710AC8799C}.Release|iPhone.Deploy.0 = Release|Any CPU
		{99FF5D6D-13E2-4207-A3AF-F9710AC8799C}.Release|iPhoneSimulator.ActiveCfg = Release|Any CPU
		{99FF5D6D-13E2-4207-A3AF-F9710AC8799C}.Release|iPhoneSimulator.Build.0 = Release|Any CPU
		{99FF5D6D-13E2-4207-A3AF-F9710AC8799C}.Release|iPhoneSimulator.Deploy.0 = Release|Any CPU
		{BB07D1FF-9446-47B5-A2AD-D4B8CA2910A8}.Debug|Any CPU.ActiveCfg = Debug|iPhone
		{BB07D1FF-9446-47B5-A2AD-D4B8CA2910A8}.Debug|Any CPU.Build.0 = Debug|iPhone
		{BB07D1FF-9446-47B5-A2AD-D4B8CA2910A8}.Debug|Any CPU.Deploy.0 = Debug|iPhone
		{BB07D1FF-9446-47B5-A2AD-D4B8CA2910A8}.Debug|iPhone.ActiveCfg = Debug|iPhone
		{BB07D1FF-9446-47B5-A2AD-D4B8CA2910A8}.Debug|iPhone.Build.0 = Debug|iPhone
		{BB07D1FF-9446-47B5-A2AD-D4B8CA2910A8}.Debug|iPhone.Deploy.0 = Debug|iPhone
		{BB07D1FF-9446-47B5-A2AD-D4B8CA2910A8}.Debug|iPhoneSimulator.ActiveCfg = Debug|iPhoneSimulator
		{BB07D1FF-9446-47B5-A2AD-D4B8CA2910A8}.Debug|iPhoneSimulator.Build.0 = Debug|iPhoneSimulator
		{BB07D1FF-9446-47B5-A2AD-D4B8CA2910A8}.Debug|iPhoneSimulator.Deploy.0 = Debug|iPhoneSimulator
		{BB07D1FF-9446-47B5-A2AD-D4B8CA2910A8}.Release|Any CPU.ActiveCfg = Release|iPhoneSimulator
		{BB07D1FF-9446-47B5-A2AD-D4B8CA2910A8}.Release|Any CPU.Build.0 = Release|iPhoneSimulator
		{BB07D1FF-9446-47B5-A2AD-D4B8CA2910A8}.Release|Any CPU.Deploy.0 = Release|iPhoneSimulator
		{BB07D1FF-9446-47B5-A2AD-D4B8CA2910A8}.Release|iPhone.ActiveCfg = Release|iPhone
		{BB07D1FF-9446-47B5-A2AD-D4B8CA2910A8}.Release|iPhone.Build.0 = Release|iPhone
		{BB07D1FF-9446-47B5-A2AD-D4B8CA2910A8}.Release|iPhone.Deploy.0 = Release|iPhone
		{BB07D1FF-9446-47B5-A2AD-D4B8CA2910A8}.Release|iPhoneSimulator.ActiveCfg = Release|iPhoneSimulator
		{BB07D1FF-9446-47B5-A2AD-D4B8CA2910A8}.Release|iPhoneSimulator.Build.0 = Release|iPhoneSimulator
		{BB07D1FF-9446-47B5-A2AD-D4B8CA2910A8}.Release|iPhoneSimulator.Deploy.0 = Release|iPhoneSimulator
		{7457FBD3-0197-4196-97CB-5347F4CD3E5E}.Debug|Any CPU.ActiveCfg = Debug|Any CPU
		{7457FBD3-0197-4196-97CB-5347F4CD3E5E}.Debug|Any CPU.Build.0 = Debug|Any CPU
		{7457FBD3-0197-4196-97CB-5347F4CD3E5E}.Debug|Any CPU.Deploy.0 = Debug|Any CPU
		{7457FBD3-0197-4196-97CB-5347F4CD3E5E}.Debug|iPhone.ActiveCfg = Debug|Any CPU
		{7457FBD3-0197-4196-97CB-5347F4CD3E5E}.Debug|iPhone.Build.0 = Debug|Any CPU
		{7457FBD3-0197-4196-97CB-5347F4CD3E5E}.Debug|iPhone.Deploy.0 = Debug|Any CPU
		{7457FBD3-0197-4196-97CB-5347F4CD3E5E}.Debug|iPhoneSimulator.ActiveCfg = Debug|Any CPU
		{7457FBD3-0197-4196-97CB-5347F4CD3E5E}.Debug|iPhoneSimulator.Build.0 = Debug|Any CPU
		{7457FBD3-0197-4196-97CB-5347F4CD3E5E}.Debug|iPhoneSimulator.Deploy.0 = Debug|Any CPU
		{7457FBD3-0197-4196-97CB-5347F4CD3E5E}.Release|Any CPU.ActiveCfg = Release|Any CPU
		{7457FBD3-0197-4196-97CB-5347F4CD3E5E}.Release|Any CPU.Build.0 = Release|Any CPU
		{7457FBD3-0197-4196-97CB-5347F4CD3E5E}.Release|Any CPU.Deploy.0 = Release|Any CPU
		{7457FBD3-0197-4196-97CB-5347F4CD3E5E}.Release|iPhone.ActiveCfg = Release|Any CPU
		{7457FBD3-0197-4196-97CB-5347F4CD3E5E}.Release|iPhone.Build.0 = Release|Any CPU
		{7457FBD3-0197-4196-97CB-5347F4CD3E5E}.Release|iPhone.Deploy.0 = Release|Any CPU
		{7457FBD3-0197-4196-97CB-5347F4CD3E5E}.Release|iPhoneSimulator.ActiveCfg = Release|Any CPU
		{7457FBD3-0197-4196-97CB-5347F4CD3E5E}.Release|iPhoneSimulator.Build.0 = Release|Any CPU
		{7457FBD3-0197-4196-97CB-5347F4CD3E5E}.Release|iPhoneSimulator.Deploy.0 = Release|Any CPU
	EndGlobalSection
	GlobalSection(SolutionProperties) = preSolution
		HideSolutionNode = FALSE
	EndGlobalSection
	GlobalSection(ExtensibilityGlobals) = postSolution
		SolutionGuid = {F17C0D9C-22DA-4C96-9417-70E659961917}
	EndGlobalSection
EndGlobal
